
Microsoft Visual Studio Solution File, Format Version 12.00
# Visual Studio Version 17
VisualStudioVersion = 17.10.35004.147
MinimumVisualStudioVersion = 10.0.40219.1
Project("{8BC9CEB8-8B4A-11D0-8D11-00A0C91BC942}") = "JoseSandoval_Lab02", "JoseSandoval_Lab02.vcxproj", "{EDC0E0EF-C65D-4C34-8975-AA2150C7883F}"
EndProject
Global
	GlobalSection(SolutionConfigurationPlatforms) = preSolution
		Debug|x64 = Debug|x64
		Debug|x86 = Debug|x86
		Release|x64 = Release|x64
		Release|x86 = Release|x86
	EndGlobalSection
	GlobalSection(ProjectConfigurationPlatforms) = postSolution
		{EDC0E0EF-C65D-4C34-8975-AA2150C7883F}.Debug|x64.ActiveCfg = Debug|x64
		{EDC0E0EF-C65D-4C34-8975-AA2150C7883F}.Debug|x64.Build.0 = Debug|x64
		{EDC0E0EF-C65D-4C34-8975-AA2150C7883F}.Debug|x86.ActiveCfg = Debug|Win32
		{EDC0E0EF-C65D-4C34-8975-AA2150C7883F}.Debug|x86.Build.0 = Debug|Win32
		{EDC0E0EF-C65D-4C34-8975-AA2150C7883F}.Release|x64.ActiveCfg = Release|x64
		{EDC0E0EF-C65D-4C34-8975-AA2150C7883F}.Release|x64.Build.0 = Release|x64
		{EDC0E0EF-C65D-4C34-8975-AA2150C7883F}.Release|x86.ActiveCfg = Release|Win32
		{EDC0E0EF-C65D-4C34-8975-AA2150C7883F}.Release|x86.Build.0 = Release|Win32
	EndGlobalSection
	GlobalSection(SolutionProperties) = preSolution
		HideSolutionNode = FALSE
	EndGlobalSection
	GlobalSection(ExtensibilityGlobals) = postSolution
		SolutionGuid = {EC8CA0C6-98FE-455C-87FA-CCBDF549D6EB}
	EndGlobalSection
EndGlobal
